
Microsoft Visual Studio Solution File, Format Version 12.00
# Visual Studio Version 16
VisualStudioVersion = 16.0.31911.196
MinimumVisualStudioVersion = 10.0.40219.1
Project("{FAE04EC0-301F-11D3-BF4B-00C04F79EFBC}") = "Examen_Eliezer", "Examen_Eliezer\Examen_Eliezer.csproj", "{5C48C61C-5D78-4FC2-A368-DC75D79D9869}"
EndProject
Global
	GlobalSection(SolutionConfigurationPlatforms) = preSolution
		Debug|Any CPU = Debug|Any CPU
		Release|Any CPU = Release|Any CPU
	EndGlobalSection
	GlobalSection(ProjectConfigurationPlatforms) = postSolution
		{5C48C61C-5D78-4FC2-A368-DC75D79D9869}.Debug|Any CPU.ActiveCfg = Debug|Any CPU
		{5C48C61C-5D78-4FC2-A368-DC75D79D9869}.Debug|Any CPU.Build.0 = Debug|Any CPU
		{5C48C61C-5D78-4FC2-A368-DC75D79D9869}.Debug|Any CPU.Deploy.0 = Debug|Any CPU
		{5C48C61C-5D78-4FC2-A368-DC75D79D9869}.Release|Any CPU.ActiveCfg = Release|Any CPU
		{5C48C61C-5D78-4FC2-A368-DC75D79D9869}.Release|Any CPU.Build.0 = Release|Any CPU
		{5C48C61C-5D78-4FC2-A368-DC75D79D9869}.Release|Any CPU.Deploy.0 = Release|Any CPU
	EndGlobalSection
	GlobalSection(SolutionProperties) = preSolution
		HideSolutionNode = FALSE
	EndGlobalSection
	GlobalSection(ExtensibilityGlobals) = postSolution
		SolutionGuid = {9B39BB01-1F7A-4D97-B362-455894C5751B}
	EndGlobalSection
EndGlobal
